
Microsoft Visual Studio Solution File, Format Version 12.00
# Visual Studio Version 17
VisualStudioVersion = 17.0.31903.59
MinimumVisualStudioVersion = 10.0.40219.1
Project("{2150E333-8FDC-42A3-9474-1A3956D46DE8}") = "src", "src", "{827E0CD3-B72D-47B6-A68D-7590B98EB39B}"
EndProject
Project("{FAE04EC0-301F-11D3-BF4B-00C04F79EFBC}") = "PySharp.Core", "src\PySharp.Core\PySharp.Core.csproj", "{7D0D2F34-F6CE-4A42-A6AB-48C47DB63383}"
EndProject
Project("{FAE04EC0-301F-11D3-BF4B-00C04F79EFBC}") = "PySharp.Syntax.Core", "src\PySharp.Syntax.Core\PySharp.Syntax.Core.csproj", "{4031A8A3-905F-48FC-AA84-BE4ED7DD100F}"
EndProject
Project("{FAE04EC0-301F-11D3-BF4B-00C04F79EFBC}") = "PySharp.Syntax.ListComprehensions", "src\PySharp.Syntax.ListComprehensions\PySharp.Syntax.ListComprehensions.csproj", "{716EEDA0-4D74-4D32-BAFF-E8FC5C481D0F}"
EndProject
Project("{FAE04EC0-301F-11D3-BF4B-00C04F79EFBC}") = "PySharp.Syntax.StringOperations", "src\PySharp.Syntax.StringOperations\PySharp.Syntax.StringOperations.csproj", "{6CD4519D-B03C-4CA5-A1F1-1456368EE4D7}"
EndProject
Project("{FAE04EC0-301F-11D3-BF4B-00C04F79EFBC}") = "PySharp.Optimizations.Memory", "src\PySharp.Optimizations.Memory\PySharp.Optimizations.Memory.csproj", "{0371EFC0-03CB-4C0F-9702-4CD71EBE168C}"
EndProject
Project("{FAE04EC0-301F-11D3-BF4B-00C04F79EFBC}") = "PySharp.Diagnostics", "src\PySharp.Diagnostics\PySharp.Diagnostics.csproj", "{E76927E7-489C-49E2-94D3-90E448A531DD}"
EndProject
Project("{FAE04EC0-301F-11D3-BF4B-00C04F79EFBC}") = "PySharp.Tests", "PySharp.Tests\PySharp.Tests.csproj", "{2F734CD6-1385-4F54-8E01-4CEFA0AEF67B}"
EndProject
Project("{FAE04EC0-301F-11D3-BF4B-00C04F79EFBC}") = "PySharp.Benchmarks", "PySharp.Benchmarks\PySharp.Benchmarks.csproj", "{549118B4-943D-41F7-A666-F86175623A2E}"
EndProject
Global
	GlobalSection(SolutionConfigurationPlatforms) = preSolution
		Debug|Any CPU = Debug|Any CPU
		Debug|x64 = Debug|x64
		Debug|x86 = Debug|x86
		Release|Any CPU = Release|Any CPU
		Release|x64 = Release|x64
		Release|x86 = Release|x86
	EndGlobalSection
	GlobalSection(ProjectConfigurationPlatforms) = postSolution
		{7D0D2F34-F6CE-4A42-A6AB-48C47DB63383}.Debug|Any CPU.ActiveCfg = Debug|Any CPU
		{7D0D2F34-F6CE-4A42-A6AB-48C47DB63383}.Debug|Any CPU.Build.0 = Debug|Any CPU
		{7D0D2F34-F6CE-4A42-A6AB-48C47DB63383}.Debug|x64.ActiveCfg = Debug|Any CPU
		{7D0D2F34-F6CE-4A42-A6AB-48C47DB63383}.Debug|x64.Build.0 = Debug|Any CPU
		{7D0D2F34-F6CE-4A42-A6AB-48C47DB63383}.Debug|x86.ActiveCfg = Debug|Any CPU
		{7D0D2F34-F6CE-4A42-A6AB-48C47DB63383}.Debug|x86.Build.0 = Debug|Any CPU
		{7D0D2F34-F6CE-4A42-A6AB-48C47DB63383}.Release|Any CPU.ActiveCfg = Release|Any CPU
		{7D0D2F34-F6CE-4A42-A6AB-48C47DB63383}.Release|Any CPU.Build.0 = Release|Any CPU
		{7D0D2F34-F6CE-4A42-A6AB-48C47DB63383}.Release|x64.ActiveCfg = Release|Any CPU
		{7D0D2F34-F6CE-4A42-A6AB-48C47DB63383}.Release|x64.Build.0 = Release|Any CPU
		{7D0D2F34-F6CE-4A42-A6AB-48C47DB63383}.Release|x86.ActiveCfg = Release|Any CPU
		{7D0D2F34-F6CE-4A42-A6AB-48C47DB63383}.Release|x86.Build.0 = Release|Any CPU
		{4031A8A3-905F-48FC-AA84-BE4ED7DD100F}.Debug|Any CPU.ActiveCfg = Debug|Any CPU
		{4031A8A3-905F-48FC-AA84-BE4ED7DD100F}.Debug|Any CPU.Build.0 = Debug|Any CPU
		{4031A8A3-905F-48FC-AA84-BE4ED7DD100F}.Debug|x64.ActiveCfg = Debug|Any CPU
		{4031A8A3-905F-48FC-AA84-BE4ED7DD100F}.Debug|x64.Build.0 = Debug|Any CPU
		{4031A8A3-905F-48FC-AA84-BE4ED7DD100F}.Debug|x86.ActiveCfg = Debug|Any CPU
		{4031A8A3-905F-48FC-AA84-BE4ED7DD100F}.Debug|x86.Build.0 = Debug|Any CPU
		{4031A8A3-905F-48FC-AA84-BE4ED7DD100F}.Release|Any CPU.ActiveCfg = Release|Any CPU
		{4031A8A3-905F-48FC-AA84-BE4ED7DD100F}.Release|Any CPU.Build.0 = Release|Any CPU
		{4031A8A3-905F-48FC-AA84-BE4ED7DD100F}.Release|x64.ActiveCfg = Release|Any CPU
		{4031A8A3-905F-48FC-AA84-BE4ED7DD100F}.Release|x64.Build.0 = Release|Any CPU
		{4031A8A3-905F-48FC-AA84-BE4ED7DD100F}.Release|x86.ActiveCfg = Release|Any CPU
		{4031A8A3-905F-48FC-AA84-BE4ED7DD100F}.Release|x86.Build.0 = Release|Any CPU
		{716EEDA0-4D74-4D32-BAFF-E8FC5C481D0F}.Debug|Any CPU.ActiveCfg = Debug|Any CPU
		{716EEDA0-4D74-4D32-BAFF-E8FC5C481D0F}.Debug|Any CPU.Build.0 = Debug|Any CPU
		{716EEDA0-4D74-4D32-BAFF-E8FC5C481D0F}.Debug|x64.ActiveCfg = Debug|Any CPU
		{716EEDA0-4D74-4D32-BAFF-E8FC5C481D0F}.Debug|x64.Build.0 = Debug|Any CPU
		{716EEDA0-4D74-4D32-BAFF-E8FC5C481D0F}.Debug|x86.ActiveCfg = Debug|Any CPU
		{716EEDA0-4D74-4D32-BAFF-E8FC5C481D0F}.Debug|x86.Build.0 = Debug|Any CPU
		{716EEDA0-4D74-4D32-BAFF-E8FC5C481D0F}.Release|Any CPU.ActiveCfg = Release|Any CPU
		{716EEDA0-4D74-4D32-BAFF-E8FC5C481D0F}.Release|Any CPU.Build.0 = Release|Any CPU
		{716EEDA0-4D74-4D32-BAFF-E8FC5C481D0F}.Release|x64.ActiveCfg = Release|Any CPU
		{716EEDA0-4D74-4D32-BAFF-E8FC5C481D0F}.Release|x64.Build.0 = Release|Any CPU
		{716EEDA0-4D74-4D32-BAFF-E8FC5C481D0F}.Release|x86.ActiveCfg = Release|Any CPU
		{716EEDA0-4D74-4D32-BAFF-E8FC5C481D0F}.Release|x86.Build.0 = Release|Any CPU
		{6CD4519D-B03C-4CA5-A1F1-1456368EE4D7}.Debug|Any CPU.ActiveCfg = Debug|Any CPU
		{6CD4519D-B03C-4CA5-A1F1-1456368EE4D7}.Debug|Any CPU.Build.0 = Debug|Any CPU
		{6CD4519D-B03C-4CA5-A1F1-1456368EE4D7}.Debug|x64.ActiveCfg = Debug|Any CPU
		{6CD4519D-B03C-4CA5-A1F1-1456368EE4D7}.Debug|x64.Build.0 = Debug|Any CPU
		{6CD4519D-B03C-4CA5-A1F1-1456368EE4D7}.Debug|x86.ActiveCfg = Debug|Any CPU
		{6CD4519D-B03C-4CA5-A1F1-1456368EE4D7}.Debug|x86.Build.0 = Debug|Any CPU
		{6CD4519D-B03C-4CA5-A1F1-1456368EE4D7}.Release|Any CPU.ActiveCfg = Release|Any CPU
		{6CD4519D-B03C-4CA5-A1F1-1456368EE4D7}.Release|Any CPU.Build.0 = Release|Any CPU
		{6CD4519D-B03C-4CA5-A1F1-1456368EE4D7}.Release|x64.ActiveCfg = Release|Any CPU
		{6CD4519D-B03C-4CA5-A1F1-1456368EE4D7}.Release|x64.Build.0 = Release|Any CPU
		{6CD4519D-B03C-4CA5-A1F1-1456368EE4D7}.Release|x86.ActiveCfg = Release|Any CPU
		{6CD4519D-B03C-4CA5-A1F1-1456368EE4D7}.Release|x86.Build.0 = Release|Any CPU
		{0371EFC0-03CB-4C0F-9702-4CD71EBE168C}.Debug|Any CPU.ActiveCfg = Debug|Any CPU
		{0371EFC0-03CB-4C0F-9702-4CD71EBE168C}.Debug|Any CPU.Build.0 = Debug|Any CPU
		{0371EFC0-03CB-4C0F-9702-4CD71EBE168C}.Debug|x64.ActiveCfg = Debug|Any CPU
		{0371EFC0-03CB-4C0F-9702-4CD71EBE168C}.Debug|x64.Build.0 = Debug|Any CPU
		{0371EFC0-03CB-4C0F-9702-4CD71EBE168C}.Debug|x86.ActiveCfg = Debug|Any CPU
		{0371EFC0-03CB-4C0F-9702-4CD71EBE168C}.Debug|x86.Build.0 = Debug|Any CPU
		{0371EFC0-03CB-4C0F-9702-4CD71EBE168C}.Release|Any CPU.ActiveCfg = Release|Any CPU
		{0371EFC0-03CB-4C0F-9702-4CD71EBE168C}.Release|Any CPU.Build.0 = Release|Any CPU
		{0371EFC0-03CB-4C0F-9702-4CD71EBE168C}.Release|x64.ActiveCfg = Release|Any CPU
		{0371EFC0-03CB-4C0F-9702-4CD71EBE168C}.Release|x64.Build.0 = Release|Any CPU
		{0371EFC0-03CB-4C0F-9702-4CD71EBE168C}.Release|x86.ActiveCfg = Release|Any CPU
		{0371EFC0-03CB-4C0F-9702-4CD71EBE168C}.Release|x86.Build.0 = Release|Any CPU
		{E76927E7-489C-49E2-94D3-90E448A531DD}.Debug|Any CPU.ActiveCfg = Debug|Any CPU
		{E76927E7-489C-49E2-94D3-90E448A531DD}.Debug|Any CPU.Build.0 = Debug|Any CPU
		{E76927E7-489C-49E2-94D3-90E448A531DD}.Debug|x64.ActiveCfg = Debug|Any CPU
		{E76927E7-489C-49E2-94D3-90E448A531DD}.Debug|x64.Build.0 = Debug|Any CPU
		{E76927E7-489C-49E2-94D3-90E448A531DD}.Debug|x86.ActiveCfg = Debug|Any CPU
		{E76927E7-489C-49E2-94D3-90E448A531DD}.Debug|x86.Build.0 = Debug|Any CPU
		{E76927E7-489C-49E2-94D3-90E448A531DD}.Release|Any CPU.ActiveCfg = Release|Any CPU
		{E76927E7-489C-49E2-94D3-90E448A531DD}.Release|Any CPU.Build.0 = Release|Any CPU
		{E76927E7-489C-49E2-94D3-90E448A531DD}.Release|x64.ActiveCfg = Release|Any CPU
		{E76927E7-489C-49E2-94D3-90E448A531DD}.Release|x64.Build.0 = Release|Any CPU
		{E76927E7-489C-49E2-94D3-90E448A531DD}.Release|x86.ActiveCfg = Release|Any CPU
		{E76927E7-489C-49E2-94D3-90E448A531DD}.Release|x86.Build.0 = Release|Any CPU
		{2F734CD6-1385-4F54-8E01-4CEFA0AEF67B}.Debug|Any CPU.ActiveCfg = Debug|Any CPU
		{2F734CD6-1385-4F54-8E01-4CEFA0AEF67B}.Debug|Any CPU.Build.0 = Debug|Any CPU
		{2F734CD6-1385-4F54-8E01-4CEFA0AEF67B}.Debug|x64.ActiveCfg = Debug|Any CPU
		{2F734CD6-1385-4F54-8E01-4CEFA0AEF67B}.Debug|x64.Build.0 = Debug|Any CPU
		{2F734CD6-1385-4F54-8E01-4CEFA0AEF67B}.Debug|x86.ActiveCfg = Debug|Any CPU
		{2F734CD6-1385-4F54-8E01-4CEFA0AEF67B}.Debug|x86.Build.0 = Debug|Any CPU
		{2F734CD6-1385-4F54-8E01-4CEFA0AEF67B}.Release|Any CPU.ActiveCfg = Release|Any CPU
		{2F734CD6-1385-4F54-8E01-4CEFA0AEF67B}.Release|Any CPU.Build.0 = Release|Any CPU
		{2F734CD6-1385-4F54-8E01-4CEFA0AEF67B}.Release|x64.ActiveCfg = Release|Any CPU
		{2F734CD6-1385-4F54-8E01-4CEFA0AEF67B}.Release|x64.Build.0 = Release|Any CPU
		{2F734CD6-1385-4F54-8E01-4CEFA0AEF67B}.Release|x86.ActiveCfg = Release|Any CPU
		{2F734CD6-1385-4F54-8E01-4CEFA0AEF67B}.Release|x86.Build.0 = Release|Any CPU
		{549118B4-943D-41F7-A666-F86175623A2E}.Debug|Any CPU.ActiveCfg = Debug|Any CPU
		{549118B4-943D-41F7-A666-F86175623A2E}.Debug|Any CPU.Build.0 = Debug|Any CPU
		{549118B4-943D-41F7-A666-F86175623A2E}.Debug|x64.ActiveCfg = Debug|Any CPU
		{549118B4-943D-41F7-A666-F86175623A2E}.Debug|x64.Build.0 = Debug|Any CPU
		{549118B4-943D-41F7-A666-F86175623A2E}.Debug|x86.ActiveCfg = Debug|Any CPU
		{549118B4-943D-41F7-A666-F86175623A2E}.Debug|x86.Build.0 = Debug|Any CPU
		{549118B4-943D-41F7-A666-F86175623A2E}.Release|Any CPU.ActiveCfg = Release|Any CPU
		{549118B4-943D-41F7-A666-F86175623A2E}.Release|Any CPU.Build.0 = Release|Any CPU
		{549118B4-943D-41F7-A666-F86175623A2E}.Release|x64.ActiveCfg = Release|Any CPU
		{549118B4-943D-41F7-A666-F86175623A2E}.Release|x64.Build.0 = Release|Any CPU
		{549118B4-943D-41F7-A666-F86175623A2E}.Release|x86.ActiveCfg = Release|Any CPU
		{549118B4-943D-41F7-A666-F86175623A2E}.Release|x86.Build.0 = Release|Any CPU
	EndGlobalSection
	GlobalSection(SolutionProperties) = preSolution
		HideSolutionNode = FALSE
	EndGlobalSection
	GlobalSection(NestedProjects) = preSolution
		{7D0D2F34-F6CE-4A42-A6AB-48C47DB63383} = {827E0CD3-B72D-47B6-A68D-7590B98EB39B}
		{4031A8A3-905F-48FC-AA84-BE4ED7DD100F} = {827E0CD3-B72D-47B6-A68D-7590B98EB39B}
		{716EEDA0-4D74-4D32-BAFF-E8FC5C481D0F} = {827E0CD3-B72D-47B6-A68D-7590B98EB39B}
		{6CD4519D-B03C-4CA5-A1F1-1456368EE4D7} = {827E0CD3-B72D-47B6-A68D-7590B98EB39B}
		{0371EFC0-03CB-4C0F-9702-4CD71EBE168C} = {827E0CD3-B72D-47B6-A68D-7590B98EB39B}
		{E76927E7-489C-49E2-94D3-90E448A531DD} = {827E0CD3-B72D-47B6-A68D-7590B98EB39B}
	EndGlobalSection
EndGlobal
